
Microsoft Visual Studio Solution File, Format Version 12.00
# Visual Studio 15
VisualStudioVersion = 15.0.28307.1300
MinimumVisualStudioVersion = 10.0.40219.1
Project("{FAE04EC0-301F-11D3-BF4B-00C04F79EFBC}") = "mobileSpeacApi", "mobileSpeacApi\mobileSpeacApi.csproj", "{A8FC4179-EB1C-4960-961E-BFA9C78FA541}"
EndProject
Global
	GlobalSection(SolutionConfigurationPlatforms) = preSolution
		Debug|Any CPU = Debug|Any CPU
		Release|Any CPU = Release|Any CPU
	EndGlobalSection
	GlobalSection(ProjectConfigurationPlatforms) = postSolution
		{A8FC4179-EB1C-4960-961E-BFA9C78FA541}.Debug|Any CPU.ActiveCfg = Debug|Any CPU
		{A8FC4179-EB1C-4960-961E-BFA9C78FA541}.Debug|Any CPU.Build.0 = Debug|Any CPU
		{A8FC4179-EB1C-4960-961E-BFA9C78FA541}.Release|Any CPU.ActiveCfg = Release|Any CPU
		{A8FC4179-EB1C-4960-961E-BFA9C78FA541}.Release|Any CPU.Build.0 = Release|Any CPU
	EndGlobalSection
	GlobalSection(SolutionProperties) = preSolution
		HideSolutionNode = FALSE
	EndGlobalSection
	GlobalSection(ExtensibilityGlobals) = postSolution
		SolutionGuid = {32CB1CF6-9417-4356-92B1-044529A8B914}
	EndGlobalSection
EndGlobal
